
Microsoft Visual Studio Solution File, Format Version 12.00
# Visual Studio Version 17
VisualStudioVersion = 17.3.32929.385
MinimumVisualStudioVersion = 10.0.40219.1
Project("{FAE04EC0-301F-11D3-BF4B-00C04F79EFBC}") = "Authentication_Authorization", "Authentication_Authorization.csproj", "{F400EF4C-0947-42BB-A79A-0B6051B70DC5}"
EndProject
Global
	GlobalSection(SolutionConfigurationPlatforms) = preSolution
		Debug|Any CPU = Debug|Any CPU
		Release|Any CPU = Release|Any CPU
	EndGlobalSection
	GlobalSection(ProjectConfigurationPlatforms) = postSolution
		{F400EF4C-0947-42BB-A79A-0B6051B70DC5}.Debug|Any CPU.ActiveCfg = Debug|Any CPU
		{F400EF4C-0947-42BB-A79A-0B6051B70DC5}.Debug|Any CPU.Build.0 = Debug|Any CPU
		{F400EF4C-0947-42BB-A79A-0B6051B70DC5}.Release|Any CPU.ActiveCfg = Release|Any CPU
		{F400EF4C-0947-42BB-A79A-0B6051B70DC5}.Release|Any CPU.Build.0 = Release|Any CPU
	EndGlobalSection
	GlobalSection(SolutionProperties) = preSolution
		HideSolutionNode = FALSE
	EndGlobalSection
	GlobalSection(ExtensibilityGlobals) = postSolution
		SolutionGuid = {69142E7D-2E1E-4F91-A903-AC86B9F7E0D8}
	EndGlobalSection
EndGlobal
